{
  "requires": true,
  "lockfileVersion": 1,
  "dependencies": {
    "vue": {
      "version": "2.6.8",
      "resolved": "http://registry.npm.taobao.org/vue/download/vue-2.6.8.tgz",
      "integrity": "sha1-8hy8U2v8FPfR15KhN7sS9p5g6pE="
    },
    "vue-class-component": {
      "version": "7.0.1",
      "resolved": "http://registry.npm.taobao.org/vue-class-component/download/vue-class-component-7.0.1.tgz",
      "integrity": "sha1-evIiXGAGZ8cEK2BxLu/fQd/G3mM="
    }
  }
}
